
Microsoft Visual Studio Solution File, Format Version 12.00
# Visual Studio Version 16
VisualStudioVersion = 16.0.31911.196
MinimumVisualStudioVersion = 10.0.40219.1
Project("{9A19103F-16F7-4668-BE54-9A1E7A4F7556}") = "WebProject", "WebProject\WebProject.csproj", "{4661B421-1524-496B-B31A-FAD35A5A3676}"
EndProject
Project("{9A19103F-16F7-4668-BE54-9A1E7A4F7556}") = "EntityLayer", "EntityLayer\EntityLayer.csproj", "{13903E08-8DEB-4E7B-9A49-0D5FA1D9FACD}"
EndProject
Project("{9A19103F-16F7-4668-BE54-9A1E7A4F7556}") = "DataAccessLayer", "DataAccessLayer\DataAccessLayer.csproj", "{5A391F10-D48D-4A85-A42B-3854E3E78354}"
EndProject
Project("{9A19103F-16F7-4668-BE54-9A1E7A4F7556}") = "BusinessLayer", "BusinessLayer\BusinessLayer.csproj", "{9EAA600A-1519-4B02-B464-F80CB36CC69F}"
EndProject
Project("{9A19103F-16F7-4668-BE54-9A1E7A4F7556}") = "CoreLayer", "CoreLayer\CoreLayer.csproj", "{1ED2B3DC-372E-4F9C-BACE-C68B73F28BAB}"
EndProject
Project("{FAE04EC0-301F-11D3-BF4B-00C04F79EFBC}") = "BlogApi", "BlogApi\BlogApi.csproj", "{64D28190-FDE6-4D42-AA68-B44B69C50409}"
EndProject
Global
	GlobalSection(SolutionConfigurationPlatforms) = preSolution
		Debug|Any CPU = Debug|Any CPU
		Release|Any CPU = Release|Any CPU
	EndGlobalSection
	GlobalSection(ProjectConfigurationPlatforms) = postSolution
		{4661B421-1524-496B-B31A-FAD35A5A3676}.Debug|Any CPU.ActiveCfg = Debug|Any CPU
		{4661B421-1524-496B-B31A-FAD35A5A3676}.Debug|Any CPU.Build.0 = Debug|Any CPU
		{4661B421-1524-496B-B31A-FAD35A5A3676}.Release|Any CPU.ActiveCfg = Release|Any CPU
		{4661B421-1524-496B-B31A-FAD35A5A3676}.Release|Any CPU.Build.0 = Release|Any CPU
		{13903E08-8DEB-4E7B-9A49-0D5FA1D9FACD}.Debug|Any CPU.ActiveCfg = Debug|Any CPU
		{13903E08-8DEB-4E7B-9A49-0D5FA1D9FACD}.Debug|Any CPU.Build.0 = Debug|Any CPU
		{13903E08-8DEB-4E7B-9A49-0D5FA1D9FACD}.Release|Any CPU.ActiveCfg = Release|Any CPU
		{13903E08-8DEB-4E7B-9A49-0D5FA1D9FACD}.Release|Any CPU.Build.0 = Release|Any CPU
		{5A391F10-D48D-4A85-A42B-3854E3E78354}.Debug|Any CPU.ActiveCfg = Debug|Any CPU
		{5A391F10-D48D-4A85-A42B-3854E3E78354}.Debug|Any CPU.Build.0 = Debug|Any CPU
		{5A391F10-D48D-4A85-A42B-3854E3E78354}.Release|Any CPU.ActiveCfg = Release|Any CPU
		{5A391F10-D48D-4A85-A42B-3854E3E78354}.Release|Any CPU.Build.0 = Release|Any CPU
		{9EAA600A-1519-4B02-B464-F80CB36CC69F}.Debug|Any CPU.ActiveCfg = Debug|Any CPU
		{9EAA600A-1519-4B02-B464-F80CB36CC69F}.Debug|Any CPU.Build.0 = Debug|Any CPU
		{9EAA600A-1519-4B02-B464-F80CB36CC69F}.Release|Any CPU.ActiveCfg = Release|Any CPU
		{9EAA600A-1519-4B02-B464-F80CB36CC69F}.Release|Any CPU.Build.0 = Release|Any CPU
		{1ED2B3DC-372E-4F9C-BACE-C68B73F28BAB}.Debug|Any CPU.ActiveCfg = Debug|Any CPU
		{1ED2B3DC-372E-4F9C-BACE-C68B73F28BAB}.Debug|Any CPU.Build.0 = Debug|Any CPU
		{1ED2B3DC-372E-4F9C-BACE-C68B73F28BAB}.Release|Any CPU.ActiveCfg = Release|Any CPU
		{1ED2B3DC-372E-4F9C-BACE-C68B73F28BAB}.Release|Any CPU.Build.0 = Release|Any CPU
		{64D28190-FDE6-4D42-AA68-B44B69C50409}.Debug|Any CPU.ActiveCfg = Debug|Any CPU
		{64D28190-FDE6-4D42-AA68-B44B69C50409}.Debug|Any CPU.Build.0 = Debug|Any CPU
		{64D28190-FDE6-4D42-AA68-B44B69C50409}.Release|Any CPU.ActiveCfg = Release|Any CPU
		{64D28190-FDE6-4D42-AA68-B44B69C50409}.Release|Any CPU.Build.0 = Release|Any CPU
	EndGlobalSection
	GlobalSection(SolutionProperties) = preSolution
		HideSolutionNode = FALSE
	EndGlobalSection
	GlobalSection(ExtensibilityGlobals) = postSolution
		SolutionGuid = {DCBE3046-3541-4709-95F2-1A0F02552DC1}
	EndGlobalSection
EndGlobal
